{
  "name": "pareto-boekhouding",
  "version": "0.3.25",
  "lockfileVersion": 3,
  "requires": true,
  "packages": {
    "": {
      "name": "pareto-boekhouding",
      "version": "0.3.25",
      "license": "Apache-2.0",
      "dependencies": {
        "astn-core": "^0.5.0",
        "liana-core": "^0.1.0",
        "pareto-application-api": "^0.1.0",
        "pareto-common": "^0.1.0",
        "pareto-core": "^0.1.0",
        "pareto-core-dev": "^0.12.0",
        "pareto-core-shorthands": "^0.2.0",
        "pareto-csv": "^0.1.0",
        "pareto-filesystem-unrestricted-api": "^0.1.0",
        "pareto-fountain-pen": "^0.4.0",
        "pareto-resources": "^0.2.0",
        "pareto-static-html": "^0.1.0",
        "pareto-stream-api": "^0.1.0"
      },
      "engines": {
        "node": ">=14.0.0"
      }
    },
    "node_modules/astn-core": {
      "version": "0.5.146",
      "resolved": "https://registry.npmjs.org/astn-core/-/astn-core-0.5.146.tgz",
      "integrity": "sha512-RifkGFbraiIkpLDeW5qXLaPqi/6zr4nK8+qfOLdQ2Ptnos/OqAyDxNJwaVP51C4eWwtXGCvgldcZMduOuUGJIA==",
      "license": "Apache-2.0",
      "dependencies": {
        "pareto-core": "^0.1.0",
        "pareto-fountain-pen": "^0.4.0"
      }
    },
    "node_modules/liana-core": {
      "version": "0.1.45",
      "resolved": "https://registry.npmjs.org/liana-core/-/liana-core-0.1.45.tgz",
      "integrity": "sha512-oZOSj001QFxm0scEzz32z+bnkHEzlnaDa7naZZRyxdM1ZFeP8VRaINnCuZx7+l/quhjUi08A3VdPLeVCbwP2UA==",
      "license": "Apache-2.0",
      "dependencies": {
        "astn-core": "^0.5.0",
        "pareto-core": "^0.1.0",
        "pareto-fountain-pen": "^0.4.0"
      }
    },
    "node_modules/pareto-application-api": {
      "version": "0.1.7",
      "resolved": "https://registry.npmjs.org/pareto-application-api/-/pareto-application-api-0.1.7.tgz",
      "integrity": "sha512-mTFv1nL8jyYAGmEb38AJdtuVu8TfbZNRmFvNYPjHrIRzBcB7xx7hR6C8WUqWEbv9XNig9G4KEfa0MKNCTPR2WQ==",
      "license": "Apache-2.0",
      "dependencies": {
        "pareto-core": "^0.1.0"
      }
    },
    "node_modules/pareto-common": {
      "version": "0.1.50",
      "resolved": "https://registry.npmjs.org/pareto-common/-/pareto-common-0.1.50.tgz",
      "integrity": "sha512-0gP36lMFJHWP4/5vBr7iG75+B9HX6sIwYuO0SmlMTnjF2TWa4PcczYGyLtxhP/YKOf1AP6zocVSl/jqDvIKU1g==",
      "license": "Apache-2.0",
      "dependencies": {
        "pareto-application-api": "^0.1.0",
        "pareto-core": "^0.1.0",
        "pareto-filesystem-unrestricted-api": "^0.1.0",
        "pareto-fountain-pen": "^0.4.0",
        "pareto-stream-api": "^0.1.0"
      },
      "engines": {
        "node": ">=14.0.0"
      }
    },
    "node_modules/pareto-core": {
      "version": "0.1.279",
      "resolved": "https://registry.npmjs.org/pareto-core/-/pareto-core-0.1.279.tgz",
      "integrity": "sha512-AGkMPc3ZSH0TZvRL/KO9DW6reWNtJU+u+BAbsqd0Cr5ynqVWuP8545Bfayo6HFdTdaYzMi3a44ZVnUXs4wTApw==",
      "license": "Apache-2.0"
    },
    "node_modules/pareto-core-dev": {
      "version": "0.12.25",
      "resolved": "https://registry.npmjs.org/pareto-core-dev/-/pareto-core-dev-0.12.25.tgz",
      "integrity": "sha512-uHoN4nh9z1YsqkSA3vlsd6uSe1b237aXhmbRKGvX/gAd/s058/8Vb58526mqs9vWgaiF7u5JoPbFEYCbV1zFhw==",
      "license": "Apache-2.0",
      "dependencies": {
        "pareto-core": "^0.1.0"
      }
    },
    "node_modules/pareto-core-shorthands": {
      "version": "0.2.61",
      "resolved": "https://registry.npmjs.org/pareto-core-shorthands/-/pareto-core-shorthands-0.2.61.tgz",
      "integrity": "sha512-dCPj+lF9rBzFYc94/Hd27cHzki7pYixB/UgoznIGkf3Eay8Ydv6yMTLEnMZ9aMfSaEjiwJFXkg21zijCI0R2ww==",
      "license": "Apache-2.0",
      "dependencies": {
        "pareto-core": "^0.1.0"
      }
    },
    "node_modules/pareto-csv": {
      "version": "0.1.11",
      "resolved": "https://registry.npmjs.org/pareto-csv/-/pareto-csv-0.1.11.tgz",
      "integrity": "sha512-U+hCcT/Ui99cthDiOuCGEj3Kz3eKFD4T6k7Jv3afU+qQYAzp/uUgH2/w/cumgCAdTvGBhO2GTIbjtnklhGXFGg==",
      "license": "Apache-2.0",
      "dependencies": {
        "pareto-core": "^0.1.0",
        "pareto-fountain-pen": "^0.4.0"
      },
      "engines": {
        "node": ">=14.0.0"
      }
    },
    "node_modules/pareto-filesystem-unrestricted-api": {
      "version": "0.1.15",
      "resolved": "https://registry.npmjs.org/pareto-filesystem-unrestricted-api/-/pareto-filesystem-unrestricted-api-0.1.15.tgz",
      "integrity": "sha512-8qHluP66kFPCJIu/HJykvqU/dmdJOIrvcYU+ftj0fMAUFeNx3WomBTRbk16VXAlyZjszgGJ2bFCUBNZvW59kZw==",
      "license": "Apache-2.0",
      "dependencies": {
        "pareto-core": "^0.1.0",
        "pareto-fountain-pen": "^0.4.0"
      }
    },
    "node_modules/pareto-fountain-pen": {
      "version": "0.4.99",
      "resolved": "https://registry.npmjs.org/pareto-fountain-pen/-/pareto-fountain-pen-0.4.99.tgz",
      "integrity": "sha512-1jQEZCT3mScGNSY1YlfsvbI25Y/XnMS2zL9P7Qcbd12gxW5qB7kOsBus17/kje1V2xaKbkkmaJNMY6i0Rz1cQw==",
      "license": "Apache-2.0",
      "dependencies": {
        "pareto-core": "^0.1.0",
        "pareto-core-shorthands": "^0.2.0"
      },
      "engines": {
        "node": ">=14.0.0"
      }
    },
    "node_modules/pareto-resources": {
      "version": "0.2.151",
      "resolved": "https://registry.npmjs.org/pareto-resources/-/pareto-resources-0.2.151.tgz",
      "integrity": "sha512-+Yb+RpbEr/gq0M/U34MReunDEeX/JpkaA0SiNhcJohmhCWeOT+QEVzMxqg/nhhyG5HnJI+FHVS0/y00oCHuytg==",
      "license": "Apache-2.0",
      "dependencies": {
        "pareto-core": "^0.1.0",
        "pareto-fountain-pen": "^0.4.0"
      }
    },
    "node_modules/pareto-static-html": {
      "version": "0.1.64",
      "resolved": "https://registry.npmjs.org/pareto-static-html/-/pareto-static-html-0.1.64.tgz",
      "integrity": "sha512-RlA6U/nd4vs8taA44xZxTpN+LBrgwLknywwr5mHH4KGFj/i7iYnGXVAWyqpspFNv3rx5vlEC5h8UchDGekSxdQ==",
      "license": "Apache-2.0",
      "dependencies": {
        "astn-core": "^0.5.0",
        "liana-core": "^0.1.0",
        "pareto-core": "^0.1.0",
        "pareto-core-shorthands": "^0.2.0",
        "pareto-fountain-pen": "^0.4.0"
      }
    },
    "node_modules/pareto-stream-api": {
      "version": "0.1.33",
      "resolved": "https://registry.npmjs.org/pareto-stream-api/-/pareto-stream-api-0.1.33.tgz",
      "integrity": "sha512-0KDSTwiOPpAF1tboXapbg6qQoRTkugcY+XyCAvQCybCmNxxLhhuDhLp6Sdln3jubnbf70DIfYanYmEV/TbVMCg==",
      "license": "Apache-2.0",
      "dependencies": {
        "pareto-core": "^0.1.0",
        "pareto-fountain-pen": "^0.4.0"
      }
    }
  }
}
